
Microsoft Visual Studio Solution File, Format Version 12.00
# Visual Studio Version 17
VisualStudioVersion = 17.5.2.0
MinimumVisualStudioVersion = 10.0.40219.1
Project("{2150E333-8FDC-42A3-9474-1A3956D46DE8}") = "haggis-platform", "haggis-platform", "{7DC28D6C-181C-9DBF-D600-61F5EAF575F1}"
EndProject
Project("{2150E333-8FDC-42A3-9474-1A3956D46DE8}") = "backend", "backend", "{E67A2CD9-9D64-CC6E-D67A-B1742CFD20A7}"
EndProject
Project("{2150E333-8FDC-42A3-9474-1A3956D46DE8}") = "tests", "tests", "{16BB74AF-5CAB-EDA8-D931-82BC14DB882B}"
EndProject
Project("{2150E333-8FDC-42A3-9474-1A3956D46DE8}") = "Game.Engine.Tests", "Game.Engine.Tests", "{51569E95-2CCD-63F9-4777-A0480897762B}"
EndProject
Project("{FAE04EC0-301F-11D3-BF4B-00C04F79EFBC}") = "HaggisTests", "tests\Game.Engine.Tests\HaggisTests.csproj", "{93D62FEB-A9A3-F3E2-B9F2-28055257F763}"
EndProject
Project("{2150E333-8FDC-42A3-9474-1A3956D46DE8}") = "src", "src", "{03FFC4D9-42CB-94D6-5646-76AE9EE0909F}"
EndProject
Project("{2150E333-8FDC-42A3-9474-1A3956D46DE8}") = "Game.Engine", "Game.Engine", "{C2D461F4-E52F-5573-F55F-3B3BA57BF9F2}"
EndProject
Project("{2150E333-8FDC-42A3-9474-1A3956D46DE8}") = "Haggis.Domain", "Haggis.Domain", "{A03DE687-DB3E-F6DB-760C-3D7D216EB5AC}"
EndProject
Project("{FAE04EC0-301F-11D3-BF4B-00C04F79EFBC}") = "Haggis.Domain", "src\Haggis.Domain\Haggis.Domain.csproj", "{D19E7323-CF72-E455-A6AA-2B81AC216C9D}"
EndProject
Project("{FAE04EC0-301F-11D3-BF4B-00C04F79EFBC}") = "HaggisRuntime", "src\Game.Engine\HaggisRuntime\HaggisRuntime.csproj", "{97450676-DA28-D1C6-456E-397F0969002E}"
EndProject
Project("{FAE04EC0-301F-11D3-BF4B-00C04F79EFBC}") = "Haggis.Infrastructure", "src\Haggis.Infrastructure\Haggis.Infrastructure.csproj", "{2CFFA77F-CEED-4C48-92BD-AB4A3486F6D4}"
EndProject
Project("{FAE04EC0-301F-11D3-BF4B-00C04F79EFBC}") = "Serwer.API", "src\Serwer.API\Serwer.API.csproj", "{3BC0AE4A-3955-405B-B4D8-891CCE0AB4D7}"
EndProject
Project("{FAE04EC0-301F-11D3-BF4B-00C04F79EFBC}") = "Game.API.Tests", "tests\Game.Api.Tests\Game.API.Tests.csproj", "{6A67259B-5383-494B-A58F-A824D7F8755C}"
EndProject
Project("{FAE04EC0-301F-11D3-BF4B-00C04F79EFBC}") = "Haggis.Application", "src\Haggis.Application\Haggis.Application.csproj", "{4BEF8566-A67E-4E0D-A967-DDAFB9CACA88}"
EndProject
Project("{FAE04EC0-301F-11D3-BF4B-00C04F79EFBC}") = "Haggis.AI", "src\Haggis.AI\Haggis.AI.csproj", "{3DFD4B76-78CD-4E89-8E62-855BE6314263}"
EndProject
Global
	GlobalSection(SolutionConfigurationPlatforms) = preSolution
		Debug|Any CPU = Debug|Any CPU
		Debug|x64 = Debug|x64
		Debug|x86 = Debug|x86
		Release|Any CPU = Release|Any CPU
		Release|x64 = Release|x64
		Release|x86 = Release|x86
	EndGlobalSection
	GlobalSection(ProjectConfigurationPlatforms) = postSolution
		{93D62FEB-A9A3-F3E2-B9F2-28055257F763}.Debug|Any CPU.ActiveCfg = Debug|Any CPU
		{93D62FEB-A9A3-F3E2-B9F2-28055257F763}.Debug|Any CPU.Build.0 = Debug|Any CPU
		{93D62FEB-A9A3-F3E2-B9F2-28055257F763}.Debug|x64.ActiveCfg = Debug|Any CPU
		{93D62FEB-A9A3-F3E2-B9F2-28055257F763}.Debug|x64.Build.0 = Debug|Any CPU
		{93D62FEB-A9A3-F3E2-B9F2-28055257F763}.Debug|x86.ActiveCfg = Debug|Any CPU
		{93D62FEB-A9A3-F3E2-B9F2-28055257F763}.Debug|x86.Build.0 = Debug|Any CPU
		{93D62FEB-A9A3-F3E2-B9F2-28055257F763}.Release|Any CPU.ActiveCfg = Release|Any CPU
		{93D62FEB-A9A3-F3E2-B9F2-28055257F763}.Release|Any CPU.Build.0 = Release|Any CPU
		{93D62FEB-A9A3-F3E2-B9F2-28055257F763}.Release|x64.ActiveCfg = Release|Any CPU
		{93D62FEB-A9A3-F3E2-B9F2-28055257F763}.Release|x64.Build.0 = Release|Any CPU
		{93D62FEB-A9A3-F3E2-B9F2-28055257F763}.Release|x86.ActiveCfg = Release|Any CPU
		{93D62FEB-A9A3-F3E2-B9F2-28055257F763}.Release|x86.Build.0 = Release|Any CPU
		{D19E7323-CF72-E455-A6AA-2B81AC216C9D}.Debug|Any CPU.ActiveCfg = Debug|Any CPU
		{D19E7323-CF72-E455-A6AA-2B81AC216C9D}.Debug|Any CPU.Build.0 = Debug|Any CPU
		{D19E7323-CF72-E455-A6AA-2B81AC216C9D}.Debug|x64.ActiveCfg = Debug|Any CPU
		{D19E7323-CF72-E455-A6AA-2B81AC216C9D}.Debug|x64.Build.0 = Debug|Any CPU
		{D19E7323-CF72-E455-A6AA-2B81AC216C9D}.Debug|x86.ActiveCfg = Debug|Any CPU
		{D19E7323-CF72-E455-A6AA-2B81AC216C9D}.Debug|x86.Build.0 = Debug|Any CPU
		{D19E7323-CF72-E455-A6AA-2B81AC216C9D}.Release|Any CPU.ActiveCfg = Release|Any CPU
		{D19E7323-CF72-E455-A6AA-2B81AC216C9D}.Release|Any CPU.Build.0 = Release|Any CPU
		{D19E7323-CF72-E455-A6AA-2B81AC216C9D}.Release|x64.ActiveCfg = Release|Any CPU
		{D19E7323-CF72-E455-A6AA-2B81AC216C9D}.Release|x64.Build.0 = Release|Any CPU
		{D19E7323-CF72-E455-A6AA-2B81AC216C9D}.Release|x86.ActiveCfg = Release|Any CPU
		{D19E7323-CF72-E455-A6AA-2B81AC216C9D}.Release|x86.Build.0 = Release|Any CPU
		{97450676-DA28-D1C6-456E-397F0969002E}.Debug|Any CPU.ActiveCfg = Debug|Any CPU
		{97450676-DA28-D1C6-456E-397F0969002E}.Debug|Any CPU.Build.0 = Debug|Any CPU
		{97450676-DA28-D1C6-456E-397F0969002E}.Debug|x64.ActiveCfg = Debug|Any CPU
		{97450676-DA28-D1C6-456E-397F0969002E}.Debug|x64.Build.0 = Debug|Any CPU
		{97450676-DA28-D1C6-456E-397F0969002E}.Debug|x86.ActiveCfg = Debug|Any CPU
		{97450676-DA28-D1C6-456E-397F0969002E}.Debug|x86.Build.0 = Debug|Any CPU
		{97450676-DA28-D1C6-456E-397F0969002E}.Release|Any CPU.ActiveCfg = Release|Any CPU
		{97450676-DA28-D1C6-456E-397F0969002E}.Release|Any CPU.Build.0 = Release|Any CPU
		{97450676-DA28-D1C6-456E-397F0969002E}.Release|x64.ActiveCfg = Release|Any CPU
		{97450676-DA28-D1C6-456E-397F0969002E}.Release|x64.Build.0 = Release|Any CPU
		{97450676-DA28-D1C6-456E-397F0969002E}.Release|x86.ActiveCfg = Release|Any CPU
		{97450676-DA28-D1C6-456E-397F0969002E}.Release|x86.Build.0 = Release|Any CPU
		{2CFFA77F-CEED-4C48-92BD-AB4A3486F6D4}.Debug|Any CPU.ActiveCfg = Debug|Any CPU
		{2CFFA77F-CEED-4C48-92BD-AB4A3486F6D4}.Debug|Any CPU.Build.0 = Debug|Any CPU
		{2CFFA77F-CEED-4C48-92BD-AB4A3486F6D4}.Debug|x64.ActiveCfg = Debug|Any CPU
		{2CFFA77F-CEED-4C48-92BD-AB4A3486F6D4}.Debug|x64.Build.0 = Debug|Any CPU
		{2CFFA77F-CEED-4C48-92BD-AB4A3486F6D4}.Debug|x86.ActiveCfg = Debug|Any CPU
		{2CFFA77F-CEED-4C48-92BD-AB4A3486F6D4}.Debug|x86.Build.0 = Debug|Any CPU
		{2CFFA77F-CEED-4C48-92BD-AB4A3486F6D4}.Release|Any CPU.ActiveCfg = Release|Any CPU
		{2CFFA77F-CEED-4C48-92BD-AB4A3486F6D4}.Release|Any CPU.Build.0 = Release|Any CPU
		{2CFFA77F-CEED-4C48-92BD-AB4A3486F6D4}.Release|x64.ActiveCfg = Release|Any CPU
		{2CFFA77F-CEED-4C48-92BD-AB4A3486F6D4}.Release|x64.Build.0 = Release|Any CPU
		{2CFFA77F-CEED-4C48-92BD-AB4A3486F6D4}.Release|x86.ActiveCfg = Release|Any CPU
		{2CFFA77F-CEED-4C48-92BD-AB4A3486F6D4}.Release|x86.Build.0 = Release|Any CPU
		{3BC0AE4A-3955-405B-B4D8-891CCE0AB4D7}.Debug|Any CPU.ActiveCfg = Debug|Any CPU
		{3BC0AE4A-3955-405B-B4D8-891CCE0AB4D7}.Debug|Any CPU.Build.0 = Debug|Any CPU
		{3BC0AE4A-3955-405B-B4D8-891CCE0AB4D7}.Debug|x64.ActiveCfg = Debug|Any CPU
		{3BC0AE4A-3955-405B-B4D8-891CCE0AB4D7}.Debug|x64.Build.0 = Debug|Any CPU
		{3BC0AE4A-3955-405B-B4D8-891CCE0AB4D7}.Debug|x86.ActiveCfg = Debug|Any CPU
		{3BC0AE4A-3955-405B-B4D8-891CCE0AB4D7}.Debug|x86.Build.0 = Debug|Any CPU
		{3BC0AE4A-3955-405B-B4D8-891CCE0AB4D7}.Release|Any CPU.ActiveCfg = Release|Any CPU
		{3BC0AE4A-3955-405B-B4D8-891CCE0AB4D7}.Release|Any CPU.Build.0 = Release|Any CPU
		{3BC0AE4A-3955-405B-B4D8-891CCE0AB4D7}.Release|x64.ActiveCfg = Release|Any CPU
		{3BC0AE4A-3955-405B-B4D8-891CCE0AB4D7}.Release|x64.Build.0 = Release|Any CPU
		{3BC0AE4A-3955-405B-B4D8-891CCE0AB4D7}.Release|x86.ActiveCfg = Release|Any CPU
		{3BC0AE4A-3955-405B-B4D8-891CCE0AB4D7}.Release|x86.Build.0 = Release|Any CPU
		{6A67259B-5383-494B-A58F-A824D7F8755C}.Debug|Any CPU.ActiveCfg = Debug|Any CPU
		{6A67259B-5383-494B-A58F-A824D7F8755C}.Debug|Any CPU.Build.0 = Debug|Any CPU
		{6A67259B-5383-494B-A58F-A824D7F8755C}.Debug|x64.ActiveCfg = Debug|Any CPU
		{6A67259B-5383-494B-A58F-A824D7F8755C}.Debug|x64.Build.0 = Debug|Any CPU
		{6A67259B-5383-494B-A58F-A824D7F8755C}.Debug|x86.ActiveCfg = Debug|Any CPU
		{6A67259B-5383-494B-A58F-A824D7F8755C}.Debug|x86.Build.0 = Debug|Any CPU
		{6A67259B-5383-494B-A58F-A824D7F8755C}.Release|Any CPU.ActiveCfg = Release|Any CPU
		{6A67259B-5383-494B-A58F-A824D7F8755C}.Release|Any CPU.Build.0 = Release|Any CPU
		{6A67259B-5383-494B-A58F-A824D7F8755C}.Release|x64.ActiveCfg = Release|Any CPU
		{6A67259B-5383-494B-A58F-A824D7F8755C}.Release|x64.Build.0 = Release|Any CPU
		{6A67259B-5383-494B-A58F-A824D7F8755C}.Release|x86.ActiveCfg = Release|Any CPU
		{6A67259B-5383-494B-A58F-A824D7F8755C}.Release|x86.Build.0 = Release|Any CPU
		{4BEF8566-A67E-4E0D-A967-DDAFB9CACA88}.Debug|Any CPU.ActiveCfg = Debug|Any CPU
		{4BEF8566-A67E-4E0D-A967-DDAFB9CACA88}.Debug|Any CPU.Build.0 = Debug|Any CPU
		{4BEF8566-A67E-4E0D-A967-DDAFB9CACA88}.Debug|x64.ActiveCfg = Debug|Any CPU
		{4BEF8566-A67E-4E0D-A967-DDAFB9CACA88}.Debug|x64.Build.0 = Debug|Any CPU
		{4BEF8566-A67E-4E0D-A967-DDAFB9CACA88}.Debug|x86.ActiveCfg = Debug|Any CPU
		{4BEF8566-A67E-4E0D-A967-DDAFB9CACA88}.Debug|x86.Build.0 = Debug|Any CPU
		{4BEF8566-A67E-4E0D-A967-DDAFB9CACA88}.Release|Any CPU.ActiveCfg = Release|Any CPU
		{4BEF8566-A67E-4E0D-A967-DDAFB9CACA88}.Release|Any CPU.Build.0 = Release|Any CPU
		{4BEF8566-A67E-4E0D-A967-DDAFB9CACA88}.Release|x64.ActiveCfg = Release|Any CPU
		{4BEF8566-A67E-4E0D-A967-DDAFB9CACA88}.Release|x64.Build.0 = Release|Any CPU
		{4BEF8566-A67E-4E0D-A967-DDAFB9CACA88}.Release|x86.ActiveCfg = Release|Any CPU
		{4BEF8566-A67E-4E0D-A967-DDAFB9CACA88}.Release|x86.Build.0 = Release|Any CPU
		{3DFD4B76-78CD-4E89-8E62-855BE6314263}.Debug|Any CPU.ActiveCfg = Debug|Any CPU
		{3DFD4B76-78CD-4E89-8E62-855BE6314263}.Debug|Any CPU.Build.0 = Debug|Any CPU
		{3DFD4B76-78CD-4E89-8E62-855BE6314263}.Debug|x64.ActiveCfg = Debug|Any CPU
		{3DFD4B76-78CD-4E89-8E62-855BE6314263}.Debug|x64.Build.0 = Debug|Any CPU
		{3DFD4B76-78CD-4E89-8E62-855BE6314263}.Debug|x86.ActiveCfg = Debug|Any CPU
		{3DFD4B76-78CD-4E89-8E62-855BE6314263}.Debug|x86.Build.0 = Debug|Any CPU
		{3DFD4B76-78CD-4E89-8E62-855BE6314263}.Release|Any CPU.ActiveCfg = Release|Any CPU
		{3DFD4B76-78CD-4E89-8E62-855BE6314263}.Release|Any CPU.Build.0 = Release|Any CPU
		{3DFD4B76-78CD-4E89-8E62-855BE6314263}.Release|x64.ActiveCfg = Release|Any CPU
		{3DFD4B76-78CD-4E89-8E62-855BE6314263}.Release|x64.Build.0 = Release|Any CPU
		{3DFD4B76-78CD-4E89-8E62-855BE6314263}.Release|x86.ActiveCfg = Release|Any CPU
		{3DFD4B76-78CD-4E89-8E62-855BE6314263}.Release|x86.Build.0 = Release|Any CPU
	EndGlobalSection
	GlobalSection(SolutionProperties) = preSolution
		HideSolutionNode = FALSE
	EndGlobalSection
	GlobalSection(NestedProjects) = preSolution
		{E67A2CD9-9D64-CC6E-D67A-B1742CFD20A7} = {7DC28D6C-181C-9DBF-D600-61F5EAF575F1}
		{16BB74AF-5CAB-EDA8-D931-82BC14DB882B} = {E67A2CD9-9D64-CC6E-D67A-B1742CFD20A7}
		{51569E95-2CCD-63F9-4777-A0480897762B} = {16BB74AF-5CAB-EDA8-D931-82BC14DB882B}
		{93D62FEB-A9A3-F3E2-B9F2-28055257F763} = {51569E95-2CCD-63F9-4777-A0480897762B}
		{03FFC4D9-42CB-94D6-5646-76AE9EE0909F} = {E67A2CD9-9D64-CC6E-D67A-B1742CFD20A7}
		{C2D461F4-E52F-5573-F55F-3B3BA57BF9F2} = {03FFC4D9-42CB-94D6-5646-76AE9EE0909F}
		{A03DE687-DB3E-F6DB-760C-3D7D216EB5AC} = {C2D461F4-E52F-5573-F55F-3B3BA57BF9F2}
		{D19E7323-CF72-E455-A6AA-2B81AC216C9D} = {A03DE687-DB3E-F6DB-760C-3D7D216EB5AC}
		{97450676-DA28-D1C6-456E-397F0969002E} = {C2D461F4-E52F-5573-F55F-3B3BA57BF9F2}
		{2CFFA77F-CEED-4C48-92BD-AB4A3486F6D4} = {03FFC4D9-42CB-94D6-5646-76AE9EE0909F}
		{3BC0AE4A-3955-405B-B4D8-891CCE0AB4D7} = {03FFC4D9-42CB-94D6-5646-76AE9EE0909F}
		{6A67259B-5383-494B-A58F-A824D7F8755C} = {16BB74AF-5CAB-EDA8-D931-82BC14DB882B}
		{4BEF8566-A67E-4E0D-A967-DDAFB9CACA88} = {03FFC4D9-42CB-94D6-5646-76AE9EE0909F}
		{3DFD4B76-78CD-4E89-8E62-855BE6314263} = {03FFC4D9-42CB-94D6-5646-76AE9EE0909F}
	EndGlobalSection
	GlobalSection(ExtensibilityGlobals) = postSolution
		SolutionGuid = {7D72C9F6-9D5A-43A7-8F59-6788E167B935}
	EndGlobalSection
EndGlobal
